// !$*UTF8*$!
{
	archiveVersion = 1;
	classes = {
	};
	objectVersion = 56;
	objects = {

/* Begin PBXBuildFile section */
		98987F972BCA7AC500163765 /* AppDelegate.swift in Sources */ = {isa = PBXBuildFile; fileRef = 98987F962BCA7AC500163765 /* AppDelegate.swift */; };
		98987F992BCA7AC500163765 /* SceneDelegate.swift in Sources */ = {isa = PBXBuildFile; fileRef = 98987F982BCA7AC500163765 /* SceneDelegate.swift */; };
		98987F9B2BCA7AC500163765 /* ViewController.swift in Sources */ = {isa = PBXBuildFile; fileRef = 98987F9A2BCA7AC500163765 /* ViewController.swift */; };
		98987F9E2BCA7AC500163765 /* Base in Resources */ = {isa = PBXBuildFile; fileRef = 98987F9D2BCA7AC500163765 /* Base */; };
		98987FA02BCA7AC600163765 /* Assets.xcassets in Resources */ = {isa = PBXBuildFile; fileRef = 98987F9F2BCA7AC600163765 /* Assets.xcassets */; };
		98987FA32BCA7AC600163765 /* Base in Resources */ = {isa = PBXBuildFile; fileRef = 98987FA22BCA7AC600163765 /* Base */; };
		98987FAE2BCA7AC600163765 /* MessageAppTests.swift in Sources */ = {isa = PBXBuildFile; fileRef = 98987FAD2BCA7AC600163765 /* MessageAppTests.swift */; };
		98987FB82BCA7AC600163765 /* MessageAppUITests.swift in Sources */ = {isa = PBXBuildFile; fileRef = 98987FB72BCA7AC600163765 /* MessageAppUITests.swift */; };
		98987FBA2BCA7AC600163765 /* MessageAppUITestsLaunchTests.swift in Sources */ = {isa = PBXBuildFile; fileRef = 98987FB92BCA7AC600163765 /* MessageAppUITestsLaunchTests.swift */; };
/* End PBXBuildFile section */

/* Begin PBXContainerItemProxy section */
		98987FAA2BCA7AC600163765 /* PBXContainerItemProxy */ = {
			isa = PBXContainerItemProxy;
			containerPortal = 98987F8B2BCA7AC500163765 /* Project object */;
			proxyType = 1;
			remoteGlobalIDString = 98987F922BCA7AC500163765;
			remoteInfo = MessageApp;
		};
		98987FB42BCA7AC600163765 /* PBXContainerItemProxy */ = {
			isa = PBXContainerItemProxy;
			containerPortal = 98987F8B2BCA7AC500163765 /* Project object */;
			proxyType = 1;
			remoteGlobalIDString = 98987F922BCA7AC500163765;
			remoteInfo = MessageApp;
		};
/* End PBXContainerItemProxy section */

/* Begin PBXFileReference section */
		98987F932BCA7AC500163765 /* MessageApp.app */ = {isa = PBXFileReference; explicitFileType = wrapper.application; includeInIndex = 0; path = MessageApp.app; sourceTree = BUILT_PRODUCTS_DIR; };
		98987F962BCA7AC500163765 /* AppDelegate.swift */ = {isa = PBXFileReference; lastKnownFileType = sourcecode.swift; path = AppDelegate.swift; sourceTree = "<group>"; };
		98987F982BCA7AC500163765 /* SceneDelegate.swift */ = {isa = PBXFileReference; lastKnownFileType = sourcecode.swift; path = SceneDelegate.swift; sourceTree = "<group>"; };
		98987F9A2BCA7AC500163765 /* ViewController.swift */ = {isa = PBXFileReference; lastKnownFileType = sourcecode.swift; path = ViewController.swift; sourceTree = "<group>"; };
		98987F9D2BCA7AC500163765 /* Base */ = {isa = PBXFileReference; lastKnownFileType = file.storyboard; name = Base; path = Base.lproj/Main.storyboard; sourceTree = "<group>"; };
		98987F9F2BCA7AC600163765 /* Assets.xcassets */ = {isa = PBXFileReference; lastKnownFileType = folder.assetcatalog; path = Assets.xcassets; sourceTree = "<group>"; };
		98987FA22BCA7AC600163765 /* Base */ = {isa = PBXFileReference; lastKnownFileType = file.storyboard; name = Base; path = Base.lproj/LaunchScreen.storyboard; sourceTree = "<group>"; };
		98987FA42BCA7AC600163765 /* Info.plist */ = {isa = PBXFileReference; lastKnownFileType = text.plist.xml; path = Info.plist; sourceTree = "<group>"; };
		98987FA92BCA7AC600163765 /* MessageAppTests.xctest */ = {isa = PBXFileReference; explicitFileType = wrapper.cfbundle; includeInIndex = 0; path = MessageAppTests.xctest; sourceTree = BUILT_PRODUCTS_DIR; };
		98987FAD2BCA7AC600163765 /* MessageAppTests.swift */ = {isa = PBXFileReference; lastKnownFileType = sourcecode.swift; path = MessageAppTests.swift; sourceTree = "<group>"; };
		98987FB32BCA7AC600163765 /* MessageAppUITests.xctest */ = {isa = PBXFileReference; explicitFileType = wrapper.cfbundle; includeInIndex = 0; path = MessageAppUITests.xctest; sourceTree = BUILT_PRODUCTS_DIR; };
		98987FB72BCA7AC600163765 /* MessageAppUITests.swift */ = {isa = PBXFileReference; lastKnownFileType = sourcecode.swift; path = MessageAppUITests.swift; sourceTree = "<group>"; };
		98987FB92BCA7AC600163765 /* MessageAppUITestsLaunchTests.swift */ = {isa = PBXFileReference; lastKnownFileType = sourcecode.swift; path = MessageAppUITestsLaunchTests.swift; sourceTree = "<group>"; };
/* End PBXFileReference section */

/* Begin PBXFrameworksBuildPhase section */
		98987F902BCA7AC500163765 /* Frameworks */ = {
			isa = PBXFrameworksBuildPhase;
			buildActionMask = 2147483647;
			files = (
			);
			runOnlyForDeploymentPostprocessing = 0;
		};
		98987FA62BCA7AC600163765 /* Frameworks */ = {
			isa = PBXFrameworksBuildPhase;
			buildActionMask = 2147483647;
			files = (
			);
			runOnlyForDeploymentPostprocessing = 0;
		};
		98987FB02BCA7AC600163765 /* Frameworks */ = {
			isa = PBXFrameworksBuildPhase;
			buildActionMask = 2147483647;
			files = (
			);
			runOnlyForDeploymentPostprocessing = 0;
		};
/* End PBXFrameworksBuildPhase section */

/* Begin PBXGroup section */
		98987F8A2BCA7AC500163765 = {
			isa = PBXGroup;
			children = (
				98987F952BCA7AC500163765 /* MessageApp */,
				98987FAC2BCA7AC600163765 /* MessageAppTests */,
				98987FB62BCA7AC600163765 /* MessageAppUITests */,
				98987F942BCA7AC500163765 /* Products */,
			);
			sourceTree = "<group>";
		};
		98987F942BCA7AC500163765 /* Products */ = {
			isa = PBXGroup;
			children = (
				98987F932BCA7AC500163765 /* MessageApp.app */,
				98987FA92BCA7AC600163765 /* MessageAppTests.xctest */,
				98987FB32BCA7AC600163765 /* MessageAppUITests.xctest */,
			);
			name = Products;
			sourceTree = "<group>";
		};
		98987F952BCA7AC500163765 /* MessageApp */ = {
			isa = PBXGroup;
			children = (
				98987F962BCA7AC500163765 /* AppDelegate.swift */,
				98987F982BCA7AC500163765 /* SceneDelegate.swift */,
				98987F9A2BCA7AC500163765 /* ViewController.swift */,
				98987F9C2BCA7AC500163765 /* Main.storyboard */,
				98987F9F2BCA7AC600163765 /* Assets.xcassets */,
				98987FA12BCA7AC600163765 /* LaunchScreen.storyboard */,
				98987FA42BCA7AC600163765 /* Info.plist */,
			);
			path = MessageApp;
			sourceTree = "<group>";
		};
		98987FAC2BCA7AC600163765 /* MessageAppTests */ = {
			isa = PBXGroup;
			children = (
				98987FAD2BCA7AC600163765 /* MessageAppTests.swift */,
			);
			path = MessageAppTests;
			sourceTree = "<group>";
		};
		98987FB62BCA7AC600163765 /* MessageAppUITests */ = {
			isa = PBXGroup;
			children = (
				98987FB72BCA7AC600163765 /* MessageAppUITests.swift */,
				98987FB92BCA7AC600163765 /* MessageAppUITestsLaunchTests.swift */,
			);
			path = MessageAppUITests;
			sourceTree = "<group>";
		};
/* End PBXGroup section */

/* Begin PBXNativeTarget section */
		98987F922BCA7AC500163765 /* MessageApp */ = {
			isa = PBXNativeTarget;
			buildConfigurationList = 98987FBD2BCA7AC600163765 /* Build configuration list for PBXNativeTarget "MessageApp" */;
			buildPhases = (
				98987F8F2BCA7AC500163765 /* Sources */,
				98987F902BCA7AC500163765 /* Frameworks */,
				98987F912BCA7AC500163765 /* Resources */,
			);
			buildRules = (
			);
			dependencies = (
			);
			name = MessageApp;
			productName = MessageApp;
			productReference = 98987F932BCA7AC500163765 /* MessageApp.app */;
			productType = "com.apple.product-type.application";
		};
		98987FA82BCA7AC600163765 /* MessageAppTests */ = {
			isa = PBXNativeTarget;
			buildConfigurationList = 98987FC02BCA7AC600163765 /* Build configuration list for PBXNativeTarget "MessageAppTests" */;
			buildPhases = (
				98987FA52BCA7AC600163765 /* Sources */,
				98987FA62BCA7AC600163765 /* Frameworks */,
				98987FA72BCA7AC600163765 /* Resources */,
			);
			buildRules = (
			);
			dependencies = (
				98987FAB2BCA7AC600163765 /* PBXTargetDependency */,
			);
			name = MessageAppTests;
			productName = MessageAppTests;
			productReference = 98987FA92BCA7AC600163765 /* MessageAppTests.xctest */;
			productType = "com.apple.product-type.bundle.unit-test";
		};
		98987FB22BCA7AC600163765 /* MessageAppUITests */ = {
			isa = PBXNativeTarget;
			buildConfigurationList = 98987FC32BCA7AC600163765 /* Build configuration list for PBXNativeTarget "MessageAppUITests" */;
			buildPhases = (
				98987FAF2BCA7AC600163765 /* Sources */,
				98987FB02BCA7AC600163765 /* Frameworks */,
				98987FB12BCA7AC600163765 /* Resources */,
			);
			buildRules = (
			);
			dependencies = (
				98987FB52BCA7AC600163765 /* PBXTargetDependency */,
			);
			name = MessageAppUITests;
			productName = MessageAppUITests;
			productReference = 98987FB32BCA7AC600163765 /* MessageAppUITests.xctest */;
			productType = "com.apple.product-type.bundle.ui-testing";
		};
/* End PBXNativeTarget section */

/* Begin PBXProject section */
		98987F8B2BCA7AC500163765 /* Project object */ = {
			isa = PBXProject;
			attributes = {
				BuildIndependentTargetsInParallel = 1;
				LastSwiftUpdateCheck = 1530;
				LastUpgradeCheck = 1530;
				TargetAttributes = {
					98987F922BCA7AC500163765 = {
						CreatedOnToolsVersion = 15.3;
					};
					98987FA82BCA7AC600163765 = {
						CreatedOnToolsVersion = 15.3;
						TestTargetID = 98987F922BCA7AC500163765;
					};
					98987FB22BCA7AC600163765 = {
						CreatedOnToolsVersion = 15.3;
						TestTargetID = 98987F922BCA7AC500163765;
					};
				};
			};
			buildConfigurationList = 98987F8E2BCA7AC500163765 /* Build configuration list for PBXProject "MessageApp" */;
			compatibilityVersion = "Xcode 14.0";
			developmentRegion = en;
			hasScannedForEncodings = 0;
			knownRegions = (
				en,
				Base,
			);
			mainGroup = 98987F8A2BCA7AC500163765;
			productRefGroup = 98987F942BCA7AC500163765 /* Products */;
			projectDirPath = "";
			projectRoot = "";
			targets = (
				98987F922BCA7AC500163765 /* MessageApp */,
				98987FA82BCA7AC600163765 /* MessageAppTests */,
				98987FB22BCA7AC600163765 /* MessageAppUITests */,
			);
		};
/* End PBXProject section */

/* Begin PBXResourcesBuildPhase section */
		98987F912BCA7AC500163765 /* Resources */ = {
			isa = PBXResourcesBuildPhase;
			buildActionMask = 2147483647;
			files = (
				98987FA02BCA7AC600163765 /* Assets.xcassets in Resources */,
				98987FA32BCA7AC600163765 /* Base in Resources */,
				98987F9E2BCA7AC500163765 /* Base in Resources */,
			);
			runOnlyForDeploymentPostprocessing = 0;
		};
		98987FA72BCA7AC600163765 /* Resources */ = {
			isa = PBXResourcesBuildPhase;
			buildActionMask = 2147483647;
			files = (
			);
			runOnlyForDeploymentPostprocessing = 0;
		};
		98987FB12BCA7AC600163765 /* Resources */ = {
			isa = PBXResourcesBuildPhase;
			buildActionMask = 2147483647;
			files = (
			);
			runOnlyForDeploymentPostprocessing = 0;
		};
/* End PBXResourcesBuildPhase section */

/* Begin PBXSourcesBuildPhase section */
		98987F8F2BCA7AC500163765 /* Sources */ = {
			isa = PBXSourcesBuildPhase;
			buildActionMask = 2147483647;
			files = (
				98987F9B2BCA7AC500163765 /* ViewController.swift in Sources */,
				98987F972BCA7AC500163765 /* AppDelegate.swift in Sources */,
				98987F992BCA7AC500163765 /* SceneDelegate.swift in Sources */,
			);
			runOnlyForDeploymentPostprocessing = 0;
		};
		98987FA52BCA7AC600163765 /* Sources */ = {
			isa = PBXSourcesBuildPhase;
			buildActionMask = 2147483647;
			files = (
				98987FAE2BCA7AC600163765 /* MessageAppTests.swift in Sources */,
			);
			runOnlyForDeploymentPostprocessing = 0;
		};
		98987FAF2BCA7AC600163765 /* Sources */ = {
			isa = PBXSourcesBuildPhase;
			buildActionMask = 2147483647;
			files = (
				98987FBA2BCA7AC600163765 /* MessageAppUITestsLaunchTests.swift in Sources */,
				98987FB82BCA7AC600163765 /* MessageAppUITests.swift in Sources */,
			);
			runOnlyForDeploymentPostprocessing = 0;
		};
/* End PBXSourcesBuildPhase section */

/* Begin PBXTargetDependency section */
		98987FAB2BCA7AC600163765 /* PBXTargetDependency */ = {
			isa = PBXTargetDependency;
			target = 98987F922BCA7AC500163765 /* MessageApp */;
			targetProxy = 98987FAA2BCA7AC600163765 /* PBXContainerItemProxy */;
		};
		98987FB52BCA7AC600163765 /* PBXTargetDependency */ = {
			isa = PBXTargetDependency;
			target = 98987F922BCA7AC500163765 /* MessageApp */;
			targetProxy = 98987FB42BCA7AC600163765 /* PBXContainerItemProxy */;
		};
/* End PBXTargetDependency section */

/* Begin PBXVariantGroup section */
		98987F9C2BCA7AC500163765 /* Main.storyboard */ = {
			isa = PBXVariantGroup;
			children = (
				98987F9D2BCA7AC500163765 /* Base */,
			);
			name = Main.storyboard;
			sourceTree = "<group>";
		};
		98987FA12BCA7AC600163765 /* LaunchScreen.storyboard */ = {
			isa = PBXVariantGroup;
			children = (
				98987FA22BCA7AC600163765 /* Base */,
			);
			name = LaunchScreen.storyboard;
			sourceTree = "<group>";
		};
/* End PBXVariantGroup section */

/* Begin XCBuildConfiguration section */
		98987FBB2BCA7AC600163765 /* Debug */ = {
			isa = XCBuildConfiguration;
			buildSettings = {
				ALWAYS_SEARCH_USER_PATHS = NO;
				ASSETCATALOG_COMPILER_GENERATE_SWIFT_ASSET_SYMBOL_EXTENSIONS = YES;
				CLANG_ANALYZER_NONNULL = YES;
				CLANG_ANALYZER_NUMBER_OBJECT_CONVERSION = YES_AGGRESSIVE;
				CLANG_CXX_LANGUAGE_STANDARD = "gnu++20";
				CLANG_ENABLE_MODULES = YES;
				CLANG_ENABLE_OBJC_ARC = YES;
				CLANG_ENABLE_OBJC_WEAK = YES;
				CLANG_WARN_BLOCK_CAPTURE_AUTORELEASING = YES;
				CLANG_WARN_BOOL_CONVERSION = YES;
				CLANG_WARN_COMMA = YES;
				CLANG_WARN_CONSTANT_CONVERSION = YES;
				CLANG_WARN_DEPRECATED_OBJC_IMPLEMENTATIONS = YES;
				CLANG_WARN_DIRECT_OBJC_ISA_USAGE = YES_ERROR;
				CLANG_WARN_DOCUMENTATION_COMMENTS = YES;
				CLANG_WARN_EMPTY_BODY = YES;
				CLANG_WARN_ENUM_CONVERSION = YES;
				CLANG_WARN_INFINITE_RECURSION = YES;
				CLANG_WARN_INT_CONVERSION = YES;
				CLANG_WARN_NON_LITERAL_NULL_CONVERSION = YES;
				CLANG_WARN_OBJC_IMPLICIT_RETAIN_SELF = YES;
				CLANG_WARN_OBJC_LITERAL_CONVERSION = YES;
				CLANG_WARN_OBJC_ROOT_CLASS = YES_ERROR;
				CLANG_WARN_QUOTED_INCLUDE_IN_FRAMEWORK_HEADER = YES;
				CLANG_WARN_RANGE_LOOP_ANALYSIS = YES;
				CLANG_WARN_STRICT_PROTOTYPES = YES;
				CLANG_WARN_SUSPICIOUS_MOVE = YES;
				CLANG_WARN_UNGUARDED_AVAILABILITY = YES_AGGRESSIVE;
				CLANG_WARN_UNREACHABLE_CODE = YES;
				CLANG_WARN__DUPLICATE_METHOD_MATCH = YES;
				COPY_PHASE_STRIP = NO;
				DEBUG_INFORMATION_FORMAT = dwarf;
				ENABLE_STRICT_OBJC_MSGSEND = YES;
				ENABLE_TESTABILITY = YES;
				ENABLE_USER_SCRIPT_SANDBOXING = YES;
				GCC_C_LANGUAGE_STANDARD = gnu17;
				GCC_DYNAMIC_NO_PIC = NO;
				GCC_NO_COMMON_BLOCKS = YES;
				GCC_OPTIMIZATION_LEVEL = 0;
				GCC_PREPROCESSOR_DEFINITIONS = (
					"DEBUG=1",
					"$(inherited)",
				);
				GCC_WARN_64_TO_32_BIT_CONVERSION = YES;
				GCC_WARN_ABOUT_RETURN_TYPE = YES_ERROR;
				GCC_WARN_UNDECLARED_SELECTOR = YES;
				GCC_WARN_UNINITIALIZED_AUTOS = YES_AGGRESSIVE;
				GCC_WARN_UNUSED_FUNCTION = YES;
				GCC_WARN_UNUSED_VARIABLE = YES;
				IPHONEOS_DEPLOYMENT_TARGET = 17.4;
				LOCALIZATION_PREFERS_STRING_CATALOGS = YES;
				MTL_ENABLE_DEBUG_INFO = INCLUDE_SOURCE;
				MTL_FAST_MATH = YES;
				ONLY_ACTIVE_ARCH = YES;
				SDKROOT = iphoneos;
				SWIFT_ACTIVE_COMPILATION_CONDITIONS = "DEBUG $(inherited)";
				SWIFT_OPTIMIZATION_LEVEL = "-Onone";
			};
			name = Debug;
		};
		98987FBC2BCA7AC600163765 /* Release */ = {
			isa = XCBuildConfiguration;
			buildSettings = {
				ALWAYS_SEARCH_USER_PATHS = NO;
				ASSETCATALOG_COMPILER_GENERATE_SWIFT_ASSET_SYMBOL_EXTENSIONS = YES;
				CLANG_ANALYZER_NONNULL = YES;
				CLANG_ANALYZER_NUMBER_OBJECT_CONVERSION = YES_AGGRESSIVE;
				CLANG_CXX_LANGUAGE_STANDARD = "gnu++20";
				CLANG_ENABLE_MODULES = YES;
				CLANG_ENABLE_OBJC_ARC = YES;
				CLANG_ENABLE_OBJC_WEAK = YES;
				CLANG_WARN_BLOCK_CAPTURE_AUTORELEASING = YES;
				CLANG_WARN_BOOL_CONVERSION = YES;
				CLANG_WARN_COMMA = YES;
				CLANG_WARN_CONSTANT_CONVERSION = YES;
				CLANG_WARN_DEPRECATED_OBJC_IMPLEMENTATIONS = YES;
				CLANG_WARN_DIRECT_OBJC_ISA_USAGE = YES_ERROR;
				CLANG_WARN_DOCUMENTATION_COMMENTS = YES;
				CLANG_WARN_EMPTY_BODY = YES;
				CLANG_WARN_ENUM_CONVERSION = YES;
				CLANG_WARN_INFINITE_RECURSION = YES;
				CLANG_WARN_INT_CONVERSION = YES;
				CLANG_WARN_NON_LITERAL_NULL_CONVERSION = YES;
				CLANG_WARN_OBJC_IMPLICIT_RETAIN_SELF = YES;
				CLANG_WARN_OBJC_LITERAL_CONVERSION = YES;
				CLANG_WARN_OBJC_ROOT_CLASS = YES_ERROR;
				CLANG_WARN_QUOTED_INCLUDE_IN_FRAMEWORK_HEADER = YES;
				CLANG_WARN_RANGE_LOOP_ANALYSIS = YES;
				CLANG_WARN_STRICT_PROTOTYPES = YES;
				CLANG_WARN_SUSPICIOUS_MOVE = YES;
				CLANG_WARN_UNGUARDED_AVAILABILITY = YES_AGGRESSIVE;
				CLANG_WARN_UNREACHABLE_CODE = YES;
				CLANG_WARN__DUPLICATE_METHOD_MATCH = YES;
				COPY_PHASE_STRIP = NO;
				DEBUG_INFORMATION_FORMAT = "dwarf-with-dsym";
				ENABLE_NS_ASSERTIONS = NO;
				ENABLE_STRICT_OBJC_MSGSEND = YES;
				ENABLE_USER_SCRIPT_SANDBOXING = YES;
				GCC_C_LANGUAGE_STANDARD = gnu17;
				GCC_NO_COMMON_BLOCKS = YES;
				GCC_WARN_64_TO_32_BIT_CONVERSION = YES;
				GCC_WARN_ABOUT_RETURN_TYPE = YES_ERROR;
				GCC_WARN_UNDECLARED_SELECTOR = YES;
				GCC_WARN_UNINITIALIZED_AUTOS = YES_AGGRESSIVE;
				GCC_WARN_UNUSED_FUNCTION = YES;
				GCC_WARN_UNUSED_VARIABLE = YES;
				IPHONEOS_DEPLOYMENT_TARGET = 17.4;
				LOCALIZATION_PREFERS_STRING_CATALOGS = YES;
				MTL_ENABLE_DEBUG_INFO = NO;
				MTL_FAST_MATH = YES;
				SDKROOT = iphoneos;
				SWIFT_COMPILATION_MODE = wholemodule;
				VALIDATE_PRODUCT = YES;
			};
			name = Release;
		};
		98987FBE2BCA7AC600163765 /* Debug */ = {
			isa = XCBuildConfiguration;
			buildSettings = {
				ASSETCATALOG_COMPILER_APPICON_NAME = AppIcon;
				ASSETCATALOG_COMPILER_GLOBAL_ACCENT_COLOR_NAME = AccentColor;
				CODE_SIGN_STYLE = Automatic;
				CURRENT_PROJECT_VERSION = 1;
				DEVELOPMENT_TEAM = MKU9V22KT6;
				GENERATE_INFOPLIST_FILE = YES;
				INFOPLIST_FILE = MessageApp/Info.plist;
				INFOPLIST_KEY_UIApplicationSupportsIndirectInputEvents = YES;
				INFOPLIST_KEY_UILaunchStoryboardName = LaunchScreen;
				INFOPLIST_KEY_UIMainStoryboardFile = Main;
				INFOPLIST_KEY_UISupportedInterfaceOrientations_iPad = "UIInterfaceOrientationPortrait UIInterfaceOrientationPortraitUpsideDown UIInterfaceOrientationLandscapeLeft UIInterfaceOrientationLandscapeRight";
				INFOPLIST_KEY_UISupportedInterfaceOrientations_iPhone = "UIInterfaceOrientationPortrait UIInterfaceOrientationLandscapeLeft UIInterfaceOrientationLandscapeRight";
				LD_RUNPATH_SEARCH_PATHS = (
					"$(inherited)",
					"@executable_path/Frameworks",
				);
				MARKETING_VERSION = 1.0;
				PRODUCT_BUNDLE_IDENTIFIER = com.bbattu.MessageApp;
				PRODUCT_NAME = "$(TARGET_NAME)";
				SWIFT_EMIT_LOC_STRINGS = YES;
				SWIFT_VERSION = 5.0;
				TARGETED_DEVICE_FAMILY = "1,2";
			};
			name = Debug;
		};
		98987FBF2BCA7AC600163765 /* Release */ = {
			isa = XCBuildConfiguration;
			buildSettings = {
				ASSETCATALOG_COMPILER_APPICON_NAME = AppIcon;
				ASSETCATALOG_COMPILER_GLOBAL_ACCENT_COLOR_NAME = AccentColor;
				CODE_SIGN_STYLE = Automatic;
				CURRENT_PROJECT_VERSION = 1;
				DEVELOPMENT_TEAM = MKU9V22KT6;
				GENERATE_INFOPLIST_FILE = YES;
				INFOPLIST_FILE = MessageApp/Info.plist;
				INFOPLIST_KEY_UIApplicationSupportsIndirectInputEvents = YES;
				INFOPLIST_KEY_UILaunchStoryboardName = LaunchScreen;
				INFOPLIST_KEY_UIMainStoryboardFile = Main;
				INFOPLIST_KEY_UISupportedInterfaceOrientations_iPad = "UIInterfaceOrientationPortrait UIInterfaceOrientationPortraitUpsideDown UIInterfaceOrientationLandscapeLeft UIInterfaceOrientationLandscapeRight";
				INFOPLIST_KEY_UISupportedInterfaceOrientations_iPhone = "UIInterfaceOrientationPortrait UIInterfaceOrientationLandscapeLeft UIInterfaceOrientationLandscapeRight";
				LD_RUNPATH_SEARCH_PATHS = (
					"$(inherited)",
					"@executable_path/Frameworks",
				);
				MARKETING_VERSION = 1.0;
				PRODUCT_BUNDLE_IDENTIFIER = com.bbattu.MessageApp;
				PRODUCT_NAME = "$(TARGET_NAME)";
				SWIFT_EMIT_LOC_STRINGS = YES;
				SWIFT_VERSION = 5.0;
				TARGETED_DEVICE_FAMILY = "1,2";
			};
			name = Release;
		};
		98987FC12BCA7AC600163765 /* Debug */ = {
			isa = XCBuildConfiguration;
			buildSettings = {
				ALWAYS_EMBED_SWIFT_STANDARD_LIBRARIES = YES;
				BUNDLE_LOADER = "$(TEST_HOST)";
				CODE_SIGN_STYLE = Automatic;
				CURRENT_PROJECT_VERSION = 1;
				DEVELOPMENT_TEAM = MKU9V22KT6;
				GENERATE_INFOPLIST_FILE = YES;
				IPHONEOS_DEPLOYMENT_TARGET = 17.4;
				MARKETING_VERSION = 1.0;
				PRODUCT_BUNDLE_IDENTIFIER = com.bbattu.MessageAppTests;
				PRODUCT_NAME = "$(TARGET_NAME)";
				SWIFT_EMIT_LOC_STRINGS = NO;
				SWIFT_VERSION = 5.0;
				TARGETED_DEVICE_FAMILY = "1,2";
				TEST_HOST = "$(BUILT_PRODUCTS_DIR)/MessageApp.app/$(BUNDLE_EXECUTABLE_FOLDER_PATH)/MessageApp";
			};
			name = Debug;
		};
		98987FC22BCA7AC600163765 /* Release */ = {
			isa = XCBuildConfiguration;
			buildSettings = {
				ALWAYS_EMBED_SWIFT_STANDARD_LIBRARIES = YES;
				BUNDLE_LOADER = "$(TEST_HOST)";
				CODE_SIGN_STYLE = Automatic;
				CURRENT_PROJECT_VERSION = 1;
				DEVELOPMENT_TEAM = MKU9V22KT6;
				GENERATE_INFOPLIST_FILE = YES;
				IPHONEOS_DEPLOYMENT_TARGET = 17.4;
				MARKETING_VERSION = 1.0;
				PRODUCT_BUNDLE_IDENTIFIER = com.bbattu.MessageAppTests;
				PRODUCT_NAME = "$(TARGET_NAME)";
				SWIFT_EMIT_LOC_STRINGS = NO;
				SWIFT_VERSION = 5.0;
				TARGETED_DEVICE_FAMILY = "1,2";
				TEST_HOST = "$(BUILT_PRODUCTS_DIR)/MessageApp.app/$(BUNDLE_EXECUTABLE_FOLDER_PATH)/MessageApp";
			};
			name = Release;
		};
		98987FC42BCA7AC600163765 /* Debug */ = {
			isa = XCBuildConfiguration;
			buildSettings = {
				ALWAYS_EMBED_SWIFT_STANDARD_LIBRARIES = YES;
				CODE_SIGN_STYLE = Automatic;
				CURRENT_PROJECT_VERSION = 1;
				DEVELOPMENT_TEAM = MKU9V22KT6;
				GENERATE_INFOPLIST_FILE = YES;
				MARKETING_VERSION = 1.0;
				PRODUCT_BUNDLE_IDENTIFIER = com.bbattu.MessageAppUITests;
				PRODUCT_NAME = "$(TARGET_NAME)";
				SWIFT_EMIT_LOC_STRINGS = NO;
				SWIFT_VERSION = 5.0;
				TARGETED_DEVICE_FAMILY = "1,2";
				TEST_TARGET_NAME = MessageApp;
			};
			name = Debug;
		};
		98987FC52BCA7AC600163765 /* Release */ = {
			isa = XCBuildConfiguration;
			buildSettings = {
				ALWAYS_EMBED_SWIFT_STANDARD_LIBRARIES = YES;
				CODE_SIGN_STYLE = Automatic;
				CURRENT_PROJECT_VERSION = 1;
				DEVELOPMENT_TEAM = MKU9V22KT6;
				GENERATE_INFOPLIST_FILE = YES;
				MARKETING_VERSION = 1.0;
				PRODUCT_BUNDLE_IDENTIFIER = com.bbattu.MessageAppUITests;
				PRODUCT_NAME = "$(TARGET_NAME)";
				SWIFT_EMIT_LOC_STRINGS = NO;
				SWIFT_VERSION = 5.0;
				TARGETED_DEVICE_FAMILY = "1,2";
				TEST_TARGET_NAME = MessageApp;
			};
			name = Release;
		};
/* End XCBuildConfiguration section */

/* Begin XCConfigurationList section */
		98987F8E2BCA7AC500163765 /* Build configuration list for PBXProject "MessageApp" */ = {
			isa = XCConfigurationList;
			buildConfigurations = (
				98987FBB2BCA7AC600163765 /* Debug */,
				98987FBC2BCA7AC600163765 /* Release */,
			);
			defaultConfigurationIsVisible = 0;
			defaultConfigurationName = Release;
		};
		98987FBD2BCA7AC600163765 /* Build configuration list for PBXNativeTarget "MessageApp" */ = {
			isa = XCConfigurationList;
			buildConfigurations = (
				98987FBE2BCA7AC600163765 /* Debug */,
				98987FBF2BCA7AC600163765 /* Release */,
			);
			defaultConfigurationIsVisible = 0;
			defaultConfigurationName = Release;
		};
		98987FC02BCA7AC600163765 /* Build configuration list for PBXNativeTarget "MessageAppTests" */ = {
			isa = XCConfigurationList;
			buildConfigurations = (
				98987FC12BCA7AC600163765 /* Debug */,
				98987FC22BCA7AC600163765 /* Release */,
			);
			defaultConfigurationIsVisible = 0;
			defaultConfigurationName = Release;
		};
		98987FC32BCA7AC600163765 /* Build configuration list for PBXNativeTarget "MessageAppUITests" */ = {
			isa = XCConfigurationList;
			buildConfigurations = (
				98987FC42BCA7AC600163765 /* Debug */,
				98987FC52BCA7AC600163765 /* Release */,
			);
			defaultConfigurationIsVisible = 0;
			defaultConfigurationName = Release;
		};
/* End XCConfigurationList section */
	};
	rootObject = 98987F8B2BCA7AC500163765 /* Project object */;
}
